# This file was autogenerated by Stack.
# You should not edit this file by hand.
# For more information, please see the documentation at:
#   https://docs.haskellstack.org/en/stable/lock_files

packages:
- completed:
    hackage: streamly-bytestring-0.1.3@sha256:a13ddf464ead0f4d66a8ca7f8cd60e3a8198067a2e7ff98d662023bc220ebdd2,2477
    pantry-tree:
      size: 532
      sha256: b9cb120ba06ed5ea51b39d8f6a5c068db28d2e9a34beb28a2c7ee410c42ba1f3
  original:
    hackage: streamly-bytestring-0.1.3@sha256:a13ddf464ead0f4d66a8ca7f8cd60e3a8198067a2e7ff98d662023bc220ebdd2,2477
- completed:
    hackage: streamly-0.8.0@sha256:9784c80ee1ada51477520cabc4e92a0c76a6bb265f968a188f2fce818e7398e0,19654
    pantry-tree:
      size: 21676
      sha256: 42c3843e920955b647a25a125c090efa72e024d1ef73d8e3ccf5710dc9217940
  original:
    hackage: streamly-0.8.0@sha256:9784c80ee1ada51477520cabc4e92a0c76a6bb265f968a188f2fce818e7398e0,19654
snapshots:
- completed:
    size: 619152
    url: https://raw.githubusercontent.com/commercialhaskell/stackage-snapshots/master/lts/19/11.yaml
    sha256: 692668712aa3a6638401ce921cd043f5f9a8b018af9ba13ae350871196b047d6
  original: lts-19.11
